
Microsoft Visual Studio Solution File, Format Version 9.00
# Visual Studio 2005
Project("{FAE04EC0-301F-11D3-BF4B-00C04F79EFBC}") = "JungleDiskGUI", "JungleDiskGUI.csproj", "{0CCA9B9C-4BCA-4486-B2C6-FA5496FC170F}"
EndProject
Project("{FAE04EC0-301F-11D3-BF4B-00C04F79EFBC}") = "JungleDiskNET", "..\..\ClassLibraries\JungleDiskNET\JungleDiskNET.csproj", "{5EF93AFD-FADE-4906-A95D-EEE08E9A36F6}"
EndProject
Global
	GlobalSection(SolutionConfigurationPlatforms) = preSolution
		Debug|Any CPU = Debug|Any CPU
		Release|Any CPU = Release|Any CPU
	EndGlobalSection
	GlobalSection(ProjectConfigurationPlatforms) = postSolution
		{0CCA9B9C-4BCA-4486-B2C6-FA5496FC170F}.Debug|Any CPU.ActiveCfg = Debug|Any CPU
		{0CCA9B9C-4BCA-4486-B2C6-FA5496FC170F}.Debug|Any CPU.Build.0 = Debug|Any CPU
		{0CCA9B9C-4BCA-4486-B2C6-FA5496FC170F}.Release|Any CPU.ActiveCfg = Release|Any CPU
		{0CCA9B9C-4BCA-4486-B2C6-FA5496FC170F}.Release|Any CPU.Build.0 = Release|Any CPU
		{5EF93AFD-FADE-4906-A95D-EEE08E9A36F6}.Debug|Any CPU.ActiveCfg = Debug|Any CPU
		{5EF93AFD-FADE-4906-A95D-EEE08E9A36F6}.Debug|Any CPU.Build.0 = Debug|Any CPU
		{5EF93AFD-FADE-4906-A95D-EEE08E9A36F6}.Release|Any CPU.ActiveCfg = Release|Any CPU
		{5EF93AFD-FADE-4906-A95D-EEE08E9A36F6}.Release|Any CPU.Build.0 = Release|Any CPU
	EndGlobalSection
	GlobalSection(SolutionProperties) = preSolution
		HideSolutionNode = FALSE
	EndGlobalSection
EndGlobal
